<?xml version="1.0" encoding="utf-8"?>
<Project ToolsVersion="4.0" xmlns="http://schemas.microsoft.com/developer/msbuild/2003">
  <ItemGroup>
    <Filter Include="Исходные файлы">
      <UniqueIdentifier>{4FC737F1-C7A5-4376-A066-2A32D752A2FF}</UniqueIdentifier>
      <Extensions>cpp;c;cc;cxx;c++;cppm;ixx;def;odl;idl;hpj;bat;asm;asmx</Extensions>
    </Filter>
    <Filter Include="Файлы заголовков">
      <UniqueIdentifier>{93995380-89BD-4b04-88EB-625FBE52EBFB}</UniqueIdentifier>
      <Extensions>h;hh;hpp;hxx;h++;hm;inl;inc;ipp;xsd</Extensions>
    </Filter>
    <Filter Include="Файлы ресурсов">
      <UniqueIdentifier>{67DA6AB6-F800-4c08-8B7A-83BB121AAD01}</UniqueIdentifier>
      <Extensions>rc;ico;cur;bmp;dlg;rc2;rct;bin;rgs;gif;jpg;jpeg;jpe;resx;tiff;tif;png;wav;mfcribbon-ms</Extensions>
    </Filter>
    <Filter Include="Исходные файлы\Forest">
      <UniqueIdentifier>{2f0932e8-4aad-403e-ae65-0a6429767996}</UniqueIdentifier>
    </Filter>
  </ItemGroup>
  <ItemGroup>
    <ClCompile Include="AI NPC Forest.cpp">
      <Filter>Исходные файлы</Filter>
    </ClCompile>
    <ClCompile Include="ActionBranch.cpp">
      <Filter>Исходные файлы\Forest</Filter>
    </ClCompile>
    <ClCompile Include="ActionForest.cpp">
      <Filter>Исходные файлы\Forest</Filter>
    </ClCompile>
    <ClCompile Include="ActionTree.cpp">
      <Filter>Исходные файлы\Forest</Filter>
    </ClCompile>
    <ClCompile Include="BehaviorSelector.cpp">
      <Filter>Исходные файлы\Forest</Filter>
    </ClCompile>
    <ClCompile Include="Node.cpp">
      <Filter>Исходные файлы\Forest</Filter>
    </ClCompile>
    <ClCompile Include="ProgenitorActionForest.cpp">
      <Filter>Исходные файлы\Forest</Filter>
    </ClCompile>
  </ItemGroup>
  <ItemGroup>
    <ClInclude Include="Node.h">
      <Filter>Файлы заголовков</Filter>
    </ClInclude>
    <ClInclude Include="ActionBranch.h">
      <Filter>Файлы заголовков</Filter>
    </ClInclude>
    <ClInclude Include="ActionTree.h">
      <Filter>Файлы заголовков</Filter>
    </ClInclude>
    <ClInclude Include="ProgenitorActionForest.h">
      <Filter>Файлы заголовков</Filter>
    </ClInclude>
    <ClInclude Include="ActionForest.h">
      <Filter>Файлы заголовков</Filter>
    </ClInclude>
    <ClInclude Include="BehaviorSelector.h">
      <Filter>Файлы заголовков</Filter>
    </ClInclude>
    <ClInclude Include="TypeBehavior.h">
      <Filter>Файлы заголовков</Filter>
    </ClInclude>
  </ItemGroup>
  <ItemGroup>
    <None Include="cpp.hint" />
  </ItemGroup>
</Project>